
Microsoft Visual Studio Solution File, Format Version 12.00
# Visual Studio Version 17
VisualStudioVersion = 17.14.36310.24 d17.14
MinimumVisualStudioVersion = 10.0.40219.1
Project("{FAE04EC0-301F-11D3-BF4B-00C04F79EFBC}") = "GarajeMVC", "GarajeMVC\GarajeMVC.csproj", "{F6055ADB-01C7-481D-B3D1-9F9D60592152}"
EndProject
Global
	GlobalSection(SolutionConfigurationPlatforms) = preSolution
		Debug|Any CPU = Debug|Any CPU
		Release|Any CPU = Release|Any CPU
	EndGlobalSection
	GlobalSection(ProjectConfigurationPlatforms) = postSolution
		{F6055ADB-01C7-481D-B3D1-9F9D60592152}.Debug|Any CPU.ActiveCfg = Debug|Any CPU
		{F6055ADB-01C7-481D-B3D1-9F9D60592152}.Debug|Any CPU.Build.0 = Debug|Any CPU
		{F6055ADB-01C7-481D-B3D1-9F9D60592152}.Release|Any CPU.ActiveCfg = Release|Any CPU
		{F6055ADB-01C7-481D-B3D1-9F9D60592152}.Release|Any CPU.Build.0 = Release|Any CPU
	EndGlobalSection
	GlobalSection(SolutionProperties) = preSolution
		HideSolutionNode = FALSE
	EndGlobalSection
	GlobalSection(ExtensibilityGlobals) = postSolution
		SolutionGuid = {270D14EA-3CBB-49FC-AC81-DB697E329FEA}
	EndGlobalSection
EndGlobal
